// !$*UTF8*$!
{
	archiveVersion = 1;
	classes = {
	};
	objectVersion = 46;
	objects = {

/* Begin PBXBuildFile section */
		09195B4F03291268D870998C /* Pods.framework in Frameworks */ = {isa = PBXBuildFile; fileRef = 987A408D872114C8855B02FB /* Pods.framework */; };
		A4CDD19A1D61931E00831A92 /* AppDelegate.swift in Sources */ = {isa = PBXBuildFile; fileRef = A4CDD1991D61931E00831A92 /* AppDelegate.swift */; };
		A4CDD19C1D61931E00831A92 /* ViewController.swift in Sources */ = {isa = PBXBuildFile; fileRef = A4CDD19B1D61931E00831A92 /* ViewController.swift */; };
		A4CDD19F1D61931E00831A92 /* Main.storyboard in Resources */ = {isa = PBXBuildFile; fileRef = A4CDD19D1D61931E00831A92 /* Main.storyboard */; };
		A4CDD1A11D61931E00831A92 /* Assets.xcassets in Resources */ = {isa = PBXBuildFile; fileRef = A4CDD1A01D61931E00831A92 /* Assets.xcassets */; };
		A4CDD1A41D61931E00831A92 /* LaunchScreen.storyboard in Resources */ = {isa = PBXBuildFile; fileRef = A4CDD1A21D61931E00831A92 /* LaunchScreen.storyboard */; };
		A4CDD1AD1D61934900831A92 /* Result.swift in Sources */ = {isa = PBXBuildFile; fileRef = A4CDD1AB1D61934900831A92 /* Result.swift */; };
		A4CDD1AE1D61934900831A92 /* Weather.swift in Sources */ = {isa = PBXBuildFile; fileRef = A4CDD1AC1D61934900831A92 /* Weather.swift */; };
		A4CDD1B71D6196B200831A92 /* Podfile in Resources */ = {isa = PBXBuildFile; fileRef = A4CDD1B61D6196B200831A92 /* Podfile */; };
		A4CDD1B91D6196BC00831A92 /* NetworkHelper.swift in Sources */ = {isa = PBXBuildFile; fileRef = A4CDD1B81D6196BC00831A92 /* NetworkHelper.swift */; };
/* End PBXBuildFile section */

/* Begin PBXFileReference section */
		4D5507C4538A9E92C152E9CE /* Pods.release.xcconfig */ = {isa = PBXFileReference; includeInIndex = 1; lastKnownFileType = text.xcconfig; name = Pods.release.xcconfig; path = "Pods/Target Support Files/Pods/Pods.release.xcconfig"; sourceTree = "<group>"; };
		987A408D872114C8855B02FB /* Pods.framework */ = {isa = PBXFileReference; explicitFileType = wrapper.framework; includeInIndex = 0; path = Pods.framework; sourceTree = BUILT_PRODUCTS_DIR; };
		A4CDD1961D61931E00831A92 /* WeatherDemo.app */ = {isa = PBXFileReference; explicitFileType = wrapper.application; includeInIndex = 0; path = WeatherDemo.app; sourceTree = BUILT_PRODUCTS_DIR; };
		A4CDD1991D61931E00831A92 /* AppDelegate.swift */ = {isa = PBXFileReference; lastKnownFileType = sourcecode.swift; path = AppDelegate.swift; sourceTree = "<group>"; };
		A4CDD19B1D61931E00831A92 /* ViewController.swift */ = {isa = PBXFileReference; lastKnownFileType = sourcecode.swift; path = ViewController.swift; sourceTree = "<group>"; };
		A4CDD19E1D61931E00831A92 /* Base */ = {isa = PBXFileReference; lastKnownFileType = file.storyboard; name = Base; path = Base.lproj/Main.storyboard; sourceTree = "<group>"; };
		A4CDD1A01D61931E00831A92 /* Assets.xcassets */ = {isa = PBXFileReference; lastKnownFileType = folder.assetcatalog; path = Assets.xcassets; sourceTree = "<group>"; };
		A4CDD1A31D61931E00831A92 /* Base */ = {isa = PBXFileReference; lastKnownFileType = file.storyboard; name = Base; path = Base.lproj/LaunchScreen.storyboard; sourceTree = "<group>"; };
		A4CDD1A51D61931E00831A92 /* Info.plist */ = {isa = PBXFileReference; lastKnownFileType = text.plist.xml; path = Info.plist; sourceTree = "<group>"; };
		A4CDD1AB1D61934900831A92 /* Result.swift */ = {isa = PBXFileReference; fileEncoding = 4; lastKnownFileType = sourcecode.swift; path = Result.swift; sourceTree = "<group>"; };
		A4CDD1AC1D61934900831A92 /* Weather.swift */ = {isa = PBXFileReference; fileEncoding = 4; lastKnownFileType = sourcecode.swift; path = Weather.swift; sourceTree = "<group>"; };
		A4CDD1B61D6196B200831A92 /* Podfile */ = {isa = PBXFileReference; fileEncoding = 4; lastKnownFileType = text; path = Podfile; sourceTree = SOURCE_ROOT; };
		A4CDD1B81D6196BC00831A92 /* NetworkHelper.swift */ = {isa = PBXFileReference; fileEncoding = 4; lastKnownFileType = sourcecode.swift; path = NetworkHelper.swift; sourceTree = "<group>"; };
		EF4A3D87AC8951D2B8A6FCED /* Pods.debug.xcconfig */ = {isa = PBXFileReference; includeInIndex = 1; lastKnownFileType = text.xcconfig; name = Pods.debug.xcconfig; path = "Pods/Target Support Files/Pods/Pods.debug.xcconfig"; sourceTree = "<group>"; };
/* End PBXFileReference section */

/* Begin PBXFrameworksBuildPhase section */
		A4CDD1931D61931E00831A92 /* Frameworks */ = {
			isa = PBXFrameworksBuildPhase;
			buildActionMask = 2147483647;
			files = (
				09195B4F03291268D870998C /* Pods.framework in Frameworks */,
			);
			runOnlyForDeploymentPostprocessing = 0;
		};
/* End PBXFrameworksBuildPhase section */

/* Begin PBXGroup section */
		6221FDA238D14AFF505F2846 /* Frameworks */ = {
			isa = PBXGroup;
			children = (
				987A408D872114C8855B02FB /* Pods.framework */,
			);
			name = Frameworks;
			sourceTree = "<group>";
		};
		8F09F0617708310A503E3A1B /* Pods */ = {
			isa = PBXGroup;
			children = (
				EF4A3D87AC8951D2B8A6FCED /* Pods.debug.xcconfig */,
				4D5507C4538A9E92C152E9CE /* Pods.release.xcconfig */,
			);
			name = Pods;
			sourceTree = "<group>";
		};
		A4CDD18D1D61931D00831A92 = {
			isa = PBXGroup;
			children = (
				A4CDD1981D61931E00831A92 /* WeatherDemo */,
				A4CDD1971D61931E00831A92 /* Products */,
				8F09F0617708310A503E3A1B /* Pods */,
				6221FDA238D14AFF505F2846 /* Frameworks */,
			);
			sourceTree = "<group>";
		};
		A4CDD1971D61931E00831A92 /* Products */ = {
			isa = PBXGroup;
			children = (
				A4CDD1961D61931E00831A92 /* WeatherDemo.app */,
			);
			name = Products;
			sourceTree = "<group>";
		};
		A4CDD1981D61931E00831A92 /* WeatherDemo */ = {
			isa = PBXGroup;
			children = (
				A4CDD1991D61931E00831A92 /* AppDelegate.swift */,
				A4CDD19B1D61931E00831A92 /* ViewController.swift */,
				A4CDD1BA1D61976E00831A92 /* Helper */,
				A4CDD1AF1D61936B00831A92 /* Model */,
				A4CDD19D1D61931E00831A92 /* Main.storyboard */,
				A4CDD1A01D61931E00831A92 /* Assets.xcassets */,
				A4CDD1A21D61931E00831A92 /* LaunchScreen.storyboard */,
				A4CDD1A51D61931E00831A92 /* Info.plist */,
				A4CDD1B61D6196B200831A92 /* Podfile */,
			);
			path = WeatherDemo;
			sourceTree = "<group>";
		};
		A4CDD1AF1D61936B00831A92 /* Model */ = {
			isa = PBXGroup;
			children = (
				A4CDD1AB1D61934900831A92 /* Result.swift */,
				A4CDD1AC1D61934900831A92 /* Weather.swift */,
			);
			name = Model;
			sourceTree = "<group>";
		};
		A4CDD1BA1D61976E00831A92 /* Helper */ = {
			isa = PBXGroup;
			children = (
				A4CDD1B81D6196BC00831A92 /* NetworkHelper.swift */,
			);
			name = Helper;
			sourceTree = "<group>";
		};
/* End PBXGroup section */

/* Begin PBXNativeTarget section */
		A4CDD1951D61931E00831A92 /* WeatherDemo */ = {
			isa = PBXNativeTarget;
			buildConfigurationList = A4CDD1A81D61931E00831A92 /* Build configuration list for PBXNativeTarget "WeatherDemo" */;
			buildPhases = (
				2DAC92F9E4071EC7A8995E8A /* Check Pods Manifest.lock */,
				A4CDD1921D61931E00831A92 /* Sources */,
				A4CDD1931D61931E00831A92 /* Frameworks */,
				A4CDD1941D61931E00831A92 /* Resources */,
				394DE2EAE2B69AC49247066F /* Embed Pods Frameworks */,
				A7946F387FD1B5DD5ECE1C1D /* Copy Pods Resources */,
			);
			buildRules = (
			);
			dependencies = (
			);
			name = WeatherDemo;
			productName = WeatherDemo;
			productReference = A4CDD1961D61931E00831A92 /* WeatherDemo.app */;
			productType = "com.apple.product-type.application";
		};
/* End PBXNativeTarget section */

/* Begin PBXProject section */
		A4CDD18E1D61931D00831A92 /* Project object */ = {
			isa = PBXProject;
			attributes = {
				LastSwiftUpdateCheck = 0730;
				LastUpgradeCheck = 0730;
				ORGANIZATIONNAME = pandazheng;
				TargetAttributes = {
					A4CDD1951D61931E00831A92 = {
						CreatedOnToolsVersion = 7.3.1;
						DevelopmentTeam = 77H99EALXR;
					};
				};
			};
			buildConfigurationList = A4CDD1911D61931D00831A92 /* Build configuration list for PBXProject "WeatherDemo" */;
			compatibilityVersion = "Xcode 3.2";
			developmentRegion = English;
			hasScannedForEncodings = 0;
			knownRegions = (
				en,
				Base,
			);
			mainGroup = A4CDD18D1D61931D00831A92;
			productRefGroup = A4CDD1971D61931E00831A92 /* Products */;
			projectDirPath = "";
			projectRoot = "";
			targets = (
				A4CDD1951D61931E00831A92 /* WeatherDemo */,
			);
		};
/* End PBXProject section */

/* Begin PBXResourcesBuildPhase section */
		A4CDD1941D61931E00831A92 /* Resources */ = {
			isa = PBXResourcesBuildPhase;
			buildActionMask = 2147483647;
			files = (
				A4CDD1A41D61931E00831A92 /* LaunchScreen.storyboard in Resources */,
				A4CDD1A11D61931E00831A92 /* Assets.xcassets in Resources */,
				A4CDD1B71D6196B200831A92 /* Podfile in Resources */,
				A4CDD19F1D61931E00831A92 /* Main.storyboard in Resources */,
			);
			runOnlyForDeploymentPostprocessing = 0;
		};
/* End PBXResourcesBuildPhase section */

/* Begin PBXShellScriptBuildPhase section */
		2DAC92F9E4071EC7A8995E8A /* Check Pods Manifest.lock */ = {
			isa = PBXShellScriptBuildPhase;
			buildActionMask = 2147483647;
			files = (
			);
			inputPaths = (
			);
			name = "Check Pods Manifest.lock";
			outputPaths = (
			);
			runOnlyForDeploymentPostprocessing = 0;
			shellPath = /bin/sh;
			shellScript = "diff \"${PODS_ROOT}/../Podfile.lock\" \"${PODS_ROOT}/Manifest.lock\" > /dev/null\nif [[ $? != 0 ]] ; then\n    cat << EOM\nerror: The sandbox is not in sync with the Podfile.lock. Run 'pod install' or update your CocoaPods installation.\nEOM\n    exit 1\nfi\n";
			showEnvVarsInLog = 0;
		};
		394DE2EAE2B69AC49247066F /* Embed Pods Frameworks */ = {
			isa = PBXShellScriptBuildPhase;
			buildActionMask = 2147483647;
			files = (
			);
			inputPaths = (
			);
			name = "Embed Pods Frameworks";
			outputPaths = (
			);
			runOnlyForDeploymentPostprocessing = 0;
			shellPath = /bin/sh;
			shellScript = "\"${SRCROOT}/Pods/Target Support Files/Pods/Pods-frameworks.sh\"\n";
			showEnvVarsInLog = 0;
		};
		A7946F387FD1B5DD5ECE1C1D /* Copy Pods Resources */ = {
			isa = PBXShellScriptBuildPhase;
			buildActionMask = 2147483647;
			files = (
			);
			inputPaths = (
			);
			name = "Copy Pods Resources";
			outputPaths = (
			);
			runOnlyForDeploymentPostprocessing = 0;
			shellPath = /bin/sh;
			shellScript = "\"${SRCROOT}/Pods/Target Support Files/Pods/Pods-resources.sh\"\n";
			showEnvVarsInLog = 0;
		};
/* End PBXShellScriptBuildPhase section */

/* Begin PBXSourcesBuildPhase section */
		A4CDD1921D61931E00831A92 /* Sources */ = {
			isa = PBXSourcesBuildPhase;
			buildActionMask = 2147483647;
			files = (
				A4CDD1AE1D61934900831A92 /* Weather.swift in Sources */,
				A4CDD1AD1D61934900831A92 /* Result.swift in Sources */,
				A4CDD1B91D6196BC00831A92 /* NetworkHelper.swift in Sources */,
				A4CDD19C1D61931E00831A92 /* ViewController.swift in Sources */,
				A4CDD19A1D61931E00831A92 /* AppDelegate.swift in Sources */,
			);
			runOnlyForDeploymentPostprocessing = 0;
		};
/* End PBXSourcesBuildPhase section */

/* Begin PBXVariantGroup section */
		A4CDD19D1D61931E00831A92 /* Main.storyboard */ = {
			isa = PBXVariantGroup;
			children = (
				A4CDD19E1D61931E00831A92 /* Base */,
			);
			name = Main.storyboard;
			sourceTree = "<group>";
		};
		A4CDD1A21D61931E00831A92 /* LaunchScreen.storyboard */ = {
			isa = PBXVariantGroup;
			children = (
				A4CDD1A31D61931E00831A92 /* Base */,
			);
			name = LaunchScreen.storyboard;
			sourceTree = "<group>";
		};
/* End PBXVariantGroup section */

/* Begin XCBuildConfiguration section */
		A4CDD1A61D61931E00831A92 /* Debug */ = {
			isa = XCBuildConfiguration;
			buildSettings = {
				ALWAYS_SEARCH_USER_PATHS = NO;
				CLANG_ANALYZER_NONNULL = YES;
				CLANG_CXX_LANGUAGE_STANDARD = "gnu++0x";
				CLANG_CXX_LIBRARY = "libc++";
				CLANG_ENABLE_MODULES = YES;
				CLANG_ENABLE_OBJC_ARC = YES;
				CLANG_WARN_BOOL_CONVERSION = YES;
				CLANG_WARN_CONSTANT_CONVERSION = YES;
				CLANG_WARN_DIRECT_OBJC_ISA_USAGE = YES_ERROR;
				CLANG_WARN_EMPTY_BODY = YES;
				CLANG_WARN_ENUM_CONVERSION = YES;
				CLANG_WARN_INT_CONVERSION = YES;
				CLANG_WARN_OBJC_ROOT_CLASS = YES_ERROR;
				CLANG_WARN_UNREACHABLE_CODE = YES;
				CLANG_WARN__DUPLICATE_METHOD_MATCH = YES;
				"CODE_SIGN_IDENTITY[sdk=iphoneos*]" = "iPhone Developer";
				COPY_PHASE_STRIP = NO;
				DEBUG_INFORMATION_FORMAT = dwarf;
				ENABLE_STRICT_OBJC_MSGSEND = YES;
				ENABLE_TESTABILITY = YES;
				GCC_C_LANGUAGE_STANDARD = gnu99;
				GCC_DYNAMIC_NO_PIC = NO;
				GCC_NO_COMMON_BLOCKS = YES;
				GCC_OPTIMIZATION_LEVEL = 0;
				GCC_PREPROCESSOR_DEFINITIONS = (
					"DEBUG=1",
					"$(inherited)",
				);
				GCC_WARN_64_TO_32_BIT_CONVERSION = YES;
				GCC_WARN_ABOUT_RETURN_TYPE = YES_ERROR;
				GCC_WARN_UNDECLARED_SELECTOR = YES;
				GCC_WARN_UNINITIALIZED_AUTOS = YES_AGGRESSIVE;
				GCC_WARN_UNUSED_FUNCTION = YES;
				GCC_WARN_UNUSED_VARIABLE = YES;
				IPHONEOS_DEPLOYMENT_TARGET = 9.3;
				MTL_ENABLE_DEBUG_INFO = YES;
				ONLY_ACTIVE_ARCH = YES;
				SDKROOT = iphoneos;
				SWIFT_OPTIMIZATION_LEVEL = "-Onone";
				TARGETED_DEVICE_FAMILY = "1,2";
			};
			name = Debug;
		};
		A4CDD1A71D61931E00831A92 /* Release */ = {
			isa = XCBuildConfiguration;
			buildSettings = {
				ALWAYS_SEARCH_USER_PATHS = NO;
				CLANG_ANALYZER_NONNULL = YES;
				CLANG_CXX_LANGUAGE_STANDARD = "gnu++0x";
				CLANG_CXX_LIBRARY = "libc++";
				CLANG_ENABLE_MODULES = YES;
				CLANG_ENABLE_OBJC_ARC = YES;
				CLANG_WARN_BOOL_CONVERSION = YES;
				CLANG_WARN_CONSTANT_CONVERSION = YES;
				CLANG_WARN_DIRECT_OBJC_ISA_USAGE = YES_ERROR;
				CLANG_WARN_EMPTY_BODY = YES;
				CLANG_WARN_ENUM_CONVERSION = YES;
				CLANG_WARN_INT_CONVERSION = YES;
				CLANG_WARN_OBJC_ROOT_CLASS = YES_ERROR;
				CLANG_WARN_UNREACHABLE_CODE = YES;
				CLANG_WARN__DUPLICATE_METHOD_MATCH = YES;
				"CODE_SIGN_IDENTITY[sdk=iphoneos*]" = "iPhone Developer";
				COPY_PHASE_STRIP = NO;
				DEBUG_INFORMATION_FORMAT = "dwarf-with-dsym";
				ENABLE_NS_ASSERTIONS = NO;
				ENABLE_STRICT_OBJC_MSGSEND = YES;
				GCC_C_LANGUAGE_STANDARD = gnu99;
				GCC_NO_COMMON_BLOCKS = YES;
				GCC_WARN_64_TO_32_BIT_CONVERSION = YES;
				GCC_WARN_ABOUT_RETURN_TYPE = YES_ERROR;
				GCC_WARN_UNDECLARED_SELECTOR = YES;
				GCC_WARN_UNINITIALIZED_AUTOS = YES_AGGRESSIVE;
				GCC_WARN_UNUSED_FUNCTION = YES;
				GCC_WARN_UNUSED_VARIABLE = YES;
				IPHONEOS_DEPLOYMENT_TARGET = 9.3;
				MTL_ENABLE_DEBUG_INFO = NO;
				SDKROOT = iphoneos;
				TARGETED_DEVICE_FAMILY = "1,2";
				VALIDATE_PRODUCT = YES;
			};
			name = Release;
		};
		A4CDD1A91D61931E00831A92 /* Debug */ = {
			isa = XCBuildConfiguration;
			baseConfigurationReference = EF4A3D87AC8951D2B8A6FCED /* Pods.debug.xcconfig */;
			buildSettings = {
				ASSETCATALOG_COMPILER_APPICON_NAME = AppIcon;
				CODE_SIGN_IDENTITY = "iPhone Developer";
				"CODE_SIGN_IDENTITY[sdk=iphoneos*]" = "iPhone Developer";
				INFOPLIST_FILE = WeatherDemo/Info.plist;
				LD_RUNPATH_SEARCH_PATHS = "$(inherited) @executable_path/Frameworks";
				PRODUCT_BUNDLE_IDENTIFIER = pandazheng.WeatherDemo;
				PRODUCT_NAME = "$(TARGET_NAME)";
				PROVISIONING_PROFILE = "";
			};
			name = Debug;
		};
		A4CDD1AA1D61931E00831A92 /* Release */ = {
			isa = XCBuildConfiguration;
			baseConfigurationReference = 4D5507C4538A9E92C152E9CE /* Pods.release.xcconfig */;
			buildSettings = {
				ASSETCATALOG_COMPILER_APPICON_NAME = AppIcon;
				CODE_SIGN_IDENTITY = "iPhone Developer";
				"CODE_SIGN_IDENTITY[sdk=iphoneos*]" = "iPhone Developer";
				INFOPLIST_FILE = WeatherDemo/Info.plist;
				LD_RUNPATH_SEARCH_PATHS = "$(inherited) @executable_path/Frameworks";
				PRODUCT_BUNDLE_IDENTIFIER = pandazheng.WeatherDemo;
				PRODUCT_NAME = "$(TARGET_NAME)";
				PROVISIONING_PROFILE = "";
			};
			name = Release;
		};
/* End XCBuildConfiguration section */

/* Begin XCConfigurationList section */
		A4CDD1911D61931D00831A92 /* Build configuration list for PBXProject "WeatherDemo" */ = {
			isa = XCConfigurationList;
			buildConfigurations = (
				A4CDD1A61D61931E00831A92 /* Debug */,
				A4CDD1A71D61931E00831A92 /* Release */,
			);
			defaultConfigurationIsVisible = 0;
			defaultConfigurationName = Release;
		};
		A4CDD1A81D61931E00831A92 /* Build configuration list for PBXNativeTarget "WeatherDemo" */ = {
			isa = XCConfigurationList;
			buildConfigurations = (
				A4CDD1A91D61931E00831A92 /* Debug */,
				A4CDD1AA1D61931E00831A92 /* Release */,
			);
			defaultConfigurationIsVisible = 0;
			defaultConfigurationName = Release;
		};
/* End XCConfigurationList section */
	};
	rootObject = A4CDD18E1D61931D00831A92 /* Project object */;
}
